
Microsoft Visual Studio Solution File, Format Version 12.00
# Visual Studio Version 16
VisualStudioVersion = 16.0.30114.105
MinimumVisualStudioVersion = 10.0.40219.1
Project("{FAE04EC0-301F-11D3-BF4B-00C04F79EFBC}") = "Domain", "Domain\Domain.csproj", "{1936AAB9-84AF-4BA4-8F19-E406790B2EEC}"
EndProject
Project("{FAE04EC0-301F-11D3-BF4B-00C04F79EFBC}") = "Infrastructure", "Infrastructure\Infrastructure.csproj", "{F5B4E89C-D1B6-44B7-A8D1-8AD7EAD5D6F9}"
EndProject
Project("{FAE04EC0-301F-11D3-BF4B-00C04F79EFBC}") = "Webapi", "Webapi\Webapi.csproj", "{8DC10BAD-21BC-4927-BAE7-D01F959888BB}"
EndProject
Global
	GlobalSection(SolutionConfigurationPlatforms) = preSolution
		Debug|Any CPU = Debug|Any CPU
		Release|Any CPU = Release|Any CPU
	EndGlobalSection
	GlobalSection(SolutionProperties) = preSolution
		HideSolutionNode = FALSE
	EndGlobalSection
	GlobalSection(ProjectConfigurationPlatforms) = postSolution
		{1936AAB9-84AF-4BA4-8F19-E406790B2EEC}.Debug|Any CPU.ActiveCfg = Debug|Any CPU
		{1936AAB9-84AF-4BA4-8F19-E406790B2EEC}.Debug|Any CPU.Build.0 = Debug|Any CPU
		{1936AAB9-84AF-4BA4-8F19-E406790B2EEC}.Release|Any CPU.ActiveCfg = Release|Any CPU
		{1936AAB9-84AF-4BA4-8F19-E406790B2EEC}.Release|Any CPU.Build.0 = Release|Any CPU
		{F5B4E89C-D1B6-44B7-A8D1-8AD7EAD5D6F9}.Debug|Any CPU.ActiveCfg = Debug|Any CPU
		{F5B4E89C-D1B6-44B7-A8D1-8AD7EAD5D6F9}.Debug|Any CPU.Build.0 = Debug|Any CPU
		{F5B4E89C-D1B6-44B7-A8D1-8AD7EAD5D6F9}.Release|Any CPU.ActiveCfg = Release|Any CPU
		{F5B4E89C-D1B6-44B7-A8D1-8AD7EAD5D6F9}.Release|Any CPU.Build.0 = Release|Any CPU
		{8DC10BAD-21BC-4927-BAE7-D01F959888BB}.Debug|Any CPU.ActiveCfg = Debug|Any CPU
		{8DC10BAD-21BC-4927-BAE7-D01F959888BB}.Debug|Any CPU.Build.0 = Debug|Any CPU
		{8DC10BAD-21BC-4927-BAE7-D01F959888BB}.Release|Any CPU.ActiveCfg = Release|Any CPU
		{8DC10BAD-21BC-4927-BAE7-D01F959888BB}.Release|Any CPU.Build.0 = Release|Any CPU
	EndGlobalSection
EndGlobal
